
Microsoft Visual Studio Solution File, Format Version 12.00
# Visual Studio 14
VisualStudioVersion = 14.0.25420.1
MinimumVisualStudioVersion = 10.0.40219.1
Project("{2150E333-8FDC-42A3-9474-1A3956D46DE8}") = "Solution Items", "Solution Items", "{2838C664-6CD7-4B2C-A1D4-A609CF06D56D}"
	ProjectSection(SolutionItems) = preProject
		nuspec\Buddy.Database.nuspec = nuspec\Buddy.Database.nuspec
		nuspec\Buddy.Database.PostgreSql.nuspec = nuspec\Buddy.Database.PostgreSql.nuspec
		BuildAndPublish.ps1 = BuildAndPublish.ps1
		SharedAssemblyInfo.cs = SharedAssemblyInfo.cs
	EndProjectSection
EndProject
Project("{FAE04EC0-301F-11D3-BF4B-00C04F79EFBC}") = "Buddy.Database45", "Buddy.Database45\Buddy.Database45.csproj", "{7C3DF2C6-65E5-49B6-83D7-960551666DA4}"
EndProject
Project("{FAE04EC0-301F-11D3-BF4B-00C04F79EFBC}") = "Buddy.Database45.Test", "Buddy.Database45.Test\Buddy.Database45.Test.csproj", "{28BE2CC1-C9FE-41AC-BA10-6968BF728B9F}"
EndProject
Project("{FAE04EC0-301F-11D3-BF4B-00C04F79EFBC}") = "Buddy.Database451", "Buddy.Database451\Buddy.Database451.csproj", "{9B4DB1C3-F194-4EF4-918D-6FAD8ACCC767}"
EndProject
Project("{FAE04EC0-301F-11D3-BF4B-00C04F79EFBC}") = "Buddy.Database452", "Buddy.Database452\Buddy.Database452.csproj", "{A952D97B-1CB8-4FC3-AA3B-D24A4CBF90E5}"
EndProject
Project("{FAE04EC0-301F-11D3-BF4B-00C04F79EFBC}") = "Buddy.Database.PostgreSql451", "Buddy.Database.PostgreSql451\Buddy.Database.PostgreSql451.csproj", "{6268FA80-A27D-45D9-90F3-5A39852B028A}"
EndProject
Project("{FAE04EC0-301F-11D3-BF4B-00C04F79EFBC}") = "Buddy.Database.PostgreSql452", "Buddy.Database.PostgreSql452\Buddy.Database.PostgreSql452.csproj", "{B6CCB522-4CA2-44F6-B70C-8B88D5224142}"
EndProject
Project("{FAE04EC0-301F-11D3-BF4B-00C04F79EFBC}") = "Buddy.Database.PostgreSql45.Test", "Buddy.Database.PostgreSql45.Test\Buddy.Database.PostgreSql45.Test.csproj", "{A721320B-1B2E-4DBF-BE7F-A51D1BA55118}"
EndProject
Project("{FAE04EC0-301F-11D3-BF4B-00C04F79EFBC}") = "Buddy.Database.PostgreSql45", "Buddy.Database.PostgreSql45\Buddy.Database.PostgreSql45.csproj", "{85411145-55E5-405B-B5B4-8EC433FE2C81}"
EndProject
Project("{FAE04EC0-301F-11D3-BF4B-00C04F79EFBC}") = "Buddy.Database46", "Buddy.Database46\Buddy.Database46.csproj", "{0CB0E1B1-D165-468C-A56E-340E5E6C4AD3}"
EndProject
Project("{FAE04EC0-301F-11D3-BF4B-00C04F79EFBC}") = "Buddy.Database461", "Buddy.Database461\Buddy.Database461.csproj", "{37472B00-C16E-412F-A79F-0A8AE1F12F7C}"
EndProject
Project("{FAE04EC0-301F-11D3-BF4B-00C04F79EFBC}") = "Buddy.Database.PostgreSql46", "Buddy.Database.PostgreSql46\Buddy.Database.PostgreSql46.csproj", "{7145F2B7-5DC5-4092-918B-5DF4AEC3040A}"
EndProject
Project("{FAE04EC0-301F-11D3-BF4B-00C04F79EFBC}") = "Buddy.Database.PostgreSql461", "Buddy.Database.PostgreSql461\Buddy.Database.PostgreSql461.csproj", "{8F8F4186-B706-4566-A1E3-CCB11601C8DB}"
EndProject
Global
	GlobalSection(SolutionConfigurationPlatforms) = preSolution
		Debug|Any CPU = Debug|Any CPU
		Release|Any CPU = Release|Any CPU
	EndGlobalSection
	GlobalSection(ProjectConfigurationPlatforms) = postSolution
		{7C3DF2C6-65E5-49B6-83D7-960551666DA4}.Debug|Any CPU.ActiveCfg = Debug|Any CPU
		{7C3DF2C6-65E5-49B6-83D7-960551666DA4}.Debug|Any CPU.Build.0 = Debug|Any CPU
		{7C3DF2C6-65E5-49B6-83D7-960551666DA4}.Release|Any CPU.ActiveCfg = Release|Any CPU
		{7C3DF2C6-65E5-49B6-83D7-960551666DA4}.Release|Any CPU.Build.0 = Release|Any CPU
		{28BE2CC1-C9FE-41AC-BA10-6968BF728B9F}.Debug|Any CPU.ActiveCfg = Debug|Any CPU
		{28BE2CC1-C9FE-41AC-BA10-6968BF728B9F}.Debug|Any CPU.Build.0 = Debug|Any CPU
		{28BE2CC1-C9FE-41AC-BA10-6968BF728B9F}.Release|Any CPU.ActiveCfg = Release|Any CPU
		{28BE2CC1-C9FE-41AC-BA10-6968BF728B9F}.Release|Any CPU.Build.0 = Release|Any CPU
		{9B4DB1C3-F194-4EF4-918D-6FAD8ACCC767}.Debug|Any CPU.ActiveCfg = Debug|Any CPU
		{9B4DB1C3-F194-4EF4-918D-6FAD8ACCC767}.Debug|Any CPU.Build.0 = Debug|Any CPU
		{9B4DB1C3-F194-4EF4-918D-6FAD8ACCC767}.Release|Any CPU.ActiveCfg = Release|Any CPU
		{9B4DB1C3-F194-4EF4-918D-6FAD8ACCC767}.Release|Any CPU.Build.0 = Release|Any CPU
		{A952D97B-1CB8-4FC3-AA3B-D24A4CBF90E5}.Debug|Any CPU.ActiveCfg = Debug|Any CPU
		{A952D97B-1CB8-4FC3-AA3B-D24A4CBF90E5}.Debug|Any CPU.Build.0 = Debug|Any CPU
		{A952D97B-1CB8-4FC3-AA3B-D24A4CBF90E5}.Release|Any CPU.ActiveCfg = Release|Any CPU
		{A952D97B-1CB8-4FC3-AA3B-D24A4CBF90E5}.Release|Any CPU.Build.0 = Release|Any CPU
		{6268FA80-A27D-45D9-90F3-5A39852B028A}.Debug|Any CPU.ActiveCfg = Debug|Any CPU
		{6268FA80-A27D-45D9-90F3-5A39852B028A}.Debug|Any CPU.Build.0 = Debug|Any CPU
		{6268FA80-A27D-45D9-90F3-5A39852B028A}.Release|Any CPU.ActiveCfg = Release|Any CPU
		{6268FA80-A27D-45D9-90F3-5A39852B028A}.Release|Any CPU.Build.0 = Release|Any CPU
		{B6CCB522-4CA2-44F6-B70C-8B88D5224142}.Debug|Any CPU.ActiveCfg = Debug|Any CPU
		{B6CCB522-4CA2-44F6-B70C-8B88D5224142}.Debug|Any CPU.Build.0 = Debug|Any CPU
		{B6CCB522-4CA2-44F6-B70C-8B88D5224142}.Release|Any CPU.ActiveCfg = Release|Any CPU
		{B6CCB522-4CA2-44F6-B70C-8B88D5224142}.Release|Any CPU.Build.0 = Release|Any CPU
		{A721320B-1B2E-4DBF-BE7F-A51D1BA55118}.Debug|Any CPU.ActiveCfg = Debug|Any CPU
		{A721320B-1B2E-4DBF-BE7F-A51D1BA55118}.Debug|Any CPU.Build.0 = Debug|Any CPU
		{A721320B-1B2E-4DBF-BE7F-A51D1BA55118}.Release|Any CPU.ActiveCfg = Release|Any CPU
		{A721320B-1B2E-4DBF-BE7F-A51D1BA55118}.Release|Any CPU.Build.0 = Release|Any CPU
		{85411145-55E5-405B-B5B4-8EC433FE2C81}.Debug|Any CPU.ActiveCfg = Debug|Any CPU
		{85411145-55E5-405B-B5B4-8EC433FE2C81}.Debug|Any CPU.Build.0 = Debug|Any CPU
		{85411145-55E5-405B-B5B4-8EC433FE2C81}.Release|Any CPU.ActiveCfg = Release|Any CPU
		{85411145-55E5-405B-B5B4-8EC433FE2C81}.Release|Any CPU.Build.0 = Release|Any CPU
		{0CB0E1B1-D165-468C-A56E-340E5E6C4AD3}.Debug|Any CPU.ActiveCfg = Debug|Any CPU
		{0CB0E1B1-D165-468C-A56E-340E5E6C4AD3}.Debug|Any CPU.Build.0 = Debug|Any CPU
		{0CB0E1B1-D165-468C-A56E-340E5E6C4AD3}.Release|Any CPU.ActiveCfg = Release|Any CPU
		{0CB0E1B1-D165-468C-A56E-340E5E6C4AD3}.Release|Any CPU.Build.0 = Release|Any CPU
		{37472B00-C16E-412F-A79F-0A8AE1F12F7C}.Debug|Any CPU.ActiveCfg = Debug|Any CPU
		{37472B00-C16E-412F-A79F-0A8AE1F12F7C}.Debug|Any CPU.Build.0 = Debug|Any CPU
		{37472B00-C16E-412F-A79F-0A8AE1F12F7C}.Release|Any CPU.ActiveCfg = Release|Any CPU
		{37472B00-C16E-412F-A79F-0A8AE1F12F7C}.Release|Any CPU.Build.0 = Release|Any CPU
		{7145F2B7-5DC5-4092-918B-5DF4AEC3040A}.Debug|Any CPU.ActiveCfg = Debug|Any CPU
		{7145F2B7-5DC5-4092-918B-5DF4AEC3040A}.Debug|Any CPU.Build.0 = Debug|Any CPU
		{7145F2B7-5DC5-4092-918B-5DF4AEC3040A}.Release|Any CPU.ActiveCfg = Release|Any CPU
		{7145F2B7-5DC5-4092-918B-5DF4AEC3040A}.Release|Any CPU.Build.0 = Release|Any CPU
		{8F8F4186-B706-4566-A1E3-CCB11601C8DB}.Debug|Any CPU.ActiveCfg = Debug|Any CPU
		{8F8F4186-B706-4566-A1E3-CCB11601C8DB}.Debug|Any CPU.Build.0 = Debug|Any CPU
		{8F8F4186-B706-4566-A1E3-CCB11601C8DB}.Release|Any CPU.ActiveCfg = Release|Any CPU
		{8F8F4186-B706-4566-A1E3-CCB11601C8DB}.Release|Any CPU.Build.0 = Release|Any CPU
	EndGlobalSection
	GlobalSection(SolutionProperties) = preSolution
		HideSolutionNode = FALSE
	EndGlobalSection
EndGlobal
