
Microsoft Visual Studio Solution File, Format Version 11.00
# Visual Studio 2010
Project("{FAE04EC0-301F-11D3-BF4B-00C04F79EFBC}") = "Utility.Database", "Utility.Database\Utility.Database.csproj", "{7C3DF2C6-65E5-49B6-83D7-960551666DA4}"
EndProject
Project("{FAE04EC0-301F-11D3-BF4B-00C04F79EFBC}") = "Utility.Database.PostgreSql.Test", "Utility.Database.PostgreSql.Test\Utility.Database.PostgreSql.Test.csproj", "{A721320B-1B2E-4DBF-BE7F-A51D1BA55118}"
EndProject
Project("{FAE04EC0-301F-11D3-BF4B-00C04F79EFBC}") = "Utility.Database.Test", "Utility.Database.Test\Utility.Database.Test.csproj", "{28BE2CC1-C9FE-41AC-BA10-6968BF728B9F}"
EndProject
Project("{2150E333-8FDC-42A3-9474-1A3956D46DE8}") = "Solution Items", "Solution Items", "{2838C664-6CD7-4B2C-A1D4-A609CF06D56D}"
	ProjectSection(SolutionItems) = preProject
		..\readme.md = ..\readme.md
		SharedAssemblyInfo.cs = SharedAssemblyInfo.cs
	EndProjectSection
EndProject
Project("{FAE04EC0-301F-11D3-BF4B-00C04F79EFBC}") = "Utility.Database.MongoDb.Test", "Utility.Database.MongoDb.Test\Utility.Database.MongoDb.Test.csproj", "{3A8FF0F3-447F-4406-859A-01BC57BAA4FB}"
EndProject
Project("{FAE04EC0-301F-11D3-BF4B-00C04F79EFBC}") = "Utility.Database.PostgreSql", "Utility.Database.PostgreSql\Utility.Database.PostgreSql.csproj", "{85411145-55E5-405B-B5B4-8EC433FE2C81}"
EndProject
Project("{FAE04EC0-301F-11D3-BF4B-00C04F79EFBC}") = "Utility.Database.MongoDb", "Utility.Database.MongoDb\Utility.Database.MongoDb.csproj", "{74098C28-A72D-486D-A67F-5A35991249AE}"
EndProject
Global
	GlobalSection(SolutionConfigurationPlatforms) = preSolution
		Debug|Any CPU = Debug|Any CPU
		Release|Any CPU = Release|Any CPU
	EndGlobalSection
	GlobalSection(ProjectConfigurationPlatforms) = postSolution
		{7C3DF2C6-65E5-49B6-83D7-960551666DA4}.Debug|Any CPU.ActiveCfg = Debug|Any CPU
		{7C3DF2C6-65E5-49B6-83D7-960551666DA4}.Debug|Any CPU.Build.0 = Debug|Any CPU
		{7C3DF2C6-65E5-49B6-83D7-960551666DA4}.Release|Any CPU.ActiveCfg = Release|Any CPU
		{7C3DF2C6-65E5-49B6-83D7-960551666DA4}.Release|Any CPU.Build.0 = Release|Any CPU
		{A721320B-1B2E-4DBF-BE7F-A51D1BA55118}.Debug|Any CPU.ActiveCfg = Debug|Any CPU
		{A721320B-1B2E-4DBF-BE7F-A51D1BA55118}.Debug|Any CPU.Build.0 = Debug|Any CPU
		{A721320B-1B2E-4DBF-BE7F-A51D1BA55118}.Release|Any CPU.ActiveCfg = Release|Any CPU
		{A721320B-1B2E-4DBF-BE7F-A51D1BA55118}.Release|Any CPU.Build.0 = Release|Any CPU
		{28BE2CC1-C9FE-41AC-BA10-6968BF728B9F}.Debug|Any CPU.ActiveCfg = Debug|Any CPU
		{28BE2CC1-C9FE-41AC-BA10-6968BF728B9F}.Debug|Any CPU.Build.0 = Debug|Any CPU
		{28BE2CC1-C9FE-41AC-BA10-6968BF728B9F}.Release|Any CPU.ActiveCfg = Release|Any CPU
		{28BE2CC1-C9FE-41AC-BA10-6968BF728B9F}.Release|Any CPU.Build.0 = Release|Any CPU
		{3A8FF0F3-447F-4406-859A-01BC57BAA4FB}.Debug|Any CPU.ActiveCfg = Debug|Any CPU
		{3A8FF0F3-447F-4406-859A-01BC57BAA4FB}.Debug|Any CPU.Build.0 = Debug|Any CPU
		{3A8FF0F3-447F-4406-859A-01BC57BAA4FB}.Release|Any CPU.ActiveCfg = Release|Any CPU
		{3A8FF0F3-447F-4406-859A-01BC57BAA4FB}.Release|Any CPU.Build.0 = Release|Any CPU
		{85411145-55E5-405B-B5B4-8EC433FE2C81}.Debug|Any CPU.ActiveCfg = Debug|Any CPU
		{85411145-55E5-405B-B5B4-8EC433FE2C81}.Debug|Any CPU.Build.0 = Debug|Any CPU
		{85411145-55E5-405B-B5B4-8EC433FE2C81}.Release|Any CPU.ActiveCfg = Release|Any CPU
		{85411145-55E5-405B-B5B4-8EC433FE2C81}.Release|Any CPU.Build.0 = Release|Any CPU
		{74098C28-A72D-486D-A67F-5A35991249AE}.Debug|Any CPU.ActiveCfg = Debug|Any CPU
		{74098C28-A72D-486D-A67F-5A35991249AE}.Debug|Any CPU.Build.0 = Debug|Any CPU
		{74098C28-A72D-486D-A67F-5A35991249AE}.Release|Any CPU.ActiveCfg = Release|Any CPU
		{74098C28-A72D-486D-A67F-5A35991249AE}.Release|Any CPU.Build.0 = Release|Any CPU
	EndGlobalSection
	GlobalSection(SolutionProperties) = preSolution
		HideSolutionNode = FALSE
	EndGlobalSection
EndGlobal
