
Microsoft Visual Studio Solution File, Format Version 11.00
# Visual Studio 2010
Project("{FAE04EC0-301F-11D3-BF4B-00C04F79EFBC}") = "Utility.Database", "Utility.Database\Utility.Database.csproj", "{7C3DF2C6-65E5-49B6-83D7-960551666DA4}"
EndProject
Project("{FAE04EC0-301F-11D3-BF4B-00C04F79EFBC}") = "Utility.Database.PostgreSql.Test", "Utility.Database.PostgreSql.Test\Utility.Database.PostgreSql.Test.csproj", "{A721320B-1B2E-4DBF-BE7F-A51D1BA55118}"
EndProject
Project("{2150E333-8FDC-42A3-9474-1A3956D46DE8}") = "Common", "Common", "{FEC0F27A-6814-4BAD-9957-01C166A38400}"
	ProjectSection(SolutionItems) = preProject
		CommonAssemblyInfo.cs = CommonAssemblyInfo.cs
	EndProjectSection
EndProject
Project("{FAE04EC0-301F-11D3-BF4B-00C04F79EFBC}") = "Utility.Database.Test", "Utility.Database.Test\Utility.Database.Test.csproj", "{28BE2CC1-C9FE-41AC-BA10-6968BF728B9F}"
EndProject
Global
	GlobalSection(SolutionConfigurationPlatforms) = preSolution
		Debug|Any CPU = Debug|Any CPU
		Release|Any CPU = Release|Any CPU
	EndGlobalSection
	GlobalSection(ProjectConfigurationPlatforms) = postSolution
		{7C3DF2C6-65E5-49B6-83D7-960551666DA4}.Debug|Any CPU.ActiveCfg = Debug|Any CPU
		{7C3DF2C6-65E5-49B6-83D7-960551666DA4}.Debug|Any CPU.Build.0 = Debug|Any CPU
		{7C3DF2C6-65E5-49B6-83D7-960551666DA4}.Release|Any CPU.ActiveCfg = Release|Any CPU
		{7C3DF2C6-65E5-49B6-83D7-960551666DA4}.Release|Any CPU.Build.0 = Release|Any CPU
		{A721320B-1B2E-4DBF-BE7F-A51D1BA55118}.Debug|Any CPU.ActiveCfg = Debug|Any CPU
		{A721320B-1B2E-4DBF-BE7F-A51D1BA55118}.Debug|Any CPU.Build.0 = Debug|Any CPU
		{A721320B-1B2E-4DBF-BE7F-A51D1BA55118}.Release|Any CPU.ActiveCfg = Release|Any CPU
		{A721320B-1B2E-4DBF-BE7F-A51D1BA55118}.Release|Any CPU.Build.0 = Release|Any CPU
		{28BE2CC1-C9FE-41AC-BA10-6968BF728B9F}.Debug|Any CPU.ActiveCfg = Debug|Any CPU
		{28BE2CC1-C9FE-41AC-BA10-6968BF728B9F}.Debug|Any CPU.Build.0 = Debug|Any CPU
		{28BE2CC1-C9FE-41AC-BA10-6968BF728B9F}.Release|Any CPU.ActiveCfg = Release|Any CPU
		{28BE2CC1-C9FE-41AC-BA10-6968BF728B9F}.Release|Any CPU.Build.0 = Release|Any CPU
	EndGlobalSection
	GlobalSection(SolutionProperties) = preSolution
		HideSolutionNode = FALSE
	EndGlobalSection
EndGlobal
